
Microsoft Visual Studio Solution File, Format Version 12.00
# Visual Studio Version 17
VisualStudioVersion = 17.4.33213.308
MinimumVisualStudioVersion = 10.0.40219.1
Project("{FAE04EC0-301F-11D3-BF4B-00C04F79EFBC}") = "BudgetTrackerAPI", "BudgetTrackerAPI.csproj", "{79DAFFC3-0AE7-4B9B-8312-235003357FE2}"
EndProject
Global
	GlobalSection(SolutionConfigurationPlatforms) = preSolution
		Debug|Any CPU = Debug|Any CPU
		Release|Any CPU = Release|Any CPU
	EndGlobalSection
	GlobalSection(ProjectConfigurationPlatforms) = postSolution
		{79DAFFC3-0AE7-4B9B-8312-235003357FE2}.Debug|Any CPU.ActiveCfg = Debug|Any CPU
		{79DAFFC3-0AE7-4B9B-8312-235003357FE2}.Debug|Any CPU.Build.0 = Debug|Any CPU
		{79DAFFC3-0AE7-4B9B-8312-235003357FE2}.Release|Any CPU.ActiveCfg = Release|Any CPU
		{79DAFFC3-0AE7-4B9B-8312-235003357FE2}.Release|Any CPU.Build.0 = Release|Any CPU
	EndGlobalSection
	GlobalSection(SolutionProperties) = preSolution
		HideSolutionNode = FALSE
	EndGlobalSection
	GlobalSection(ExtensibilityGlobals) = postSolution
		SolutionGuid = {08922266-604E-4D23-9C6B-07A5E508CF24}
	EndGlobalSection
EndGlobal
